
Microsoft Visual Studio Solution File, Format Version 12.00
# Visual Studio Version 17
VisualStudioVersion = 17.5.002.0
MinimumVisualStudioVersion = 10.0.40219.1
Project("{9A19103F-16F7-4668-BE54-9A1E7A4F7556}") = "RestApi", "RestApi\RestApi.csproj", "{B9C99008-3CE4-4A5B-99BE-C1A42388139C}"
EndProject
Global
	GlobalSection(SolutionConfigurationPlatforms) = preSolution
		Debug|Any CPU = Debug|Any CPU
		Release|Any CPU = Release|Any CPU
	EndGlobalSection
	GlobalSection(ProjectConfigurationPlatforms) = postSolution
		{B9C99008-3CE4-4A5B-99BE-C1A42388139C}.Debug|Any CPU.ActiveCfg = Debug|Any CPU
		{B9C99008-3CE4-4A5B-99BE-C1A42388139C}.Debug|Any CPU.Build.0 = Debug|Any CPU
		{B9C99008-3CE4-4A5B-99BE-C1A42388139C}.Release|Any CPU.ActiveCfg = Release|Any CPU
		{B9C99008-3CE4-4A5B-99BE-C1A42388139C}.Release|Any CPU.Build.0 = Release|Any CPU
	EndGlobalSection
	GlobalSection(SolutionProperties) = preSolution
		HideSolutionNode = FALSE
	EndGlobalSection
	GlobalSection(ExtensibilityGlobals) = postSolution
		SolutionGuid = {54B5D3B0-D297-4D3C-998C-2D4E5AFD7C2C}
	EndGlobalSection
EndGlobal
